
Microsoft Visual Studio Solution File, Format Version 12.00
# Visual Studio 14
VisualStudioVersion = 14.0.23107.0
MinimumVisualStudioVersion = 10.0.40219.1
Project("{FAE04EC0-301F-11D3-BF4B-00C04F79EFBC}") = "How_JIT_Run_Your_Code", "JIT怎样运行你的代码\How_JIT_Run_Your_Code.csproj", "{7EE0BC8F-56F0-4712-9746-0CC75242D632}"
EndProject
Project("{FAE04EC0-301F-11D3-BF4B-00C04F79EFBC}") = "StreamWriteFile", "SteamWriteFile\StreamWriteFile.csproj", "{94941905-1B58-45DA-AE20-00EB903FD563}"
EndProject
Project("{FAE04EC0-301F-11D3-BF4B-00C04F79EFBC}") = "WindowsServiceDemo", "WindowsServiceDemo\WindowsServiceDemo.csproj", "{03CD3BDC-2EE5-4D17-B184-A76FE37763F7}"
EndProject
Project("{FAE04EC0-301F-11D3-BF4B-00C04F79EFBC}") = "ConcurrencyControl", "ConcurrencyControl\ConcurrencyControl.csproj", "{09D5B0A0-899D-4258-B66A-071B09E95F41}"
EndProject
Project("{FAE04EC0-301F-11D3-BF4B-00C04F79EFBC}") = "MillionDataExportToExcel", "MillionDataExportToExcel\MillionDataExportToExcel.csproj", "{02219BF2-8AA7-401F-9CF8-FC2AD5059E9F}"
EndProject
Project("{FAE04EC0-301F-11D3-BF4B-00C04F79EFBC}") = "Log4NetDemo", "Log4NetDemo\Log4NetDemo.csproj", "{817A00BF-12C8-4A7D-84D7-A415769D8C7C}"
EndProject
Project("{FAE04EC0-301F-11D3-BF4B-00C04F79EFBC}") = "QuartzDemo", "QuartzDemo\QuartzDemo.csproj", "{B65D197B-946F-4AFD-97EA-045417B6FD37}"
EndProject
Project("{FAE04EC0-301F-11D3-BF4B-00C04F79EFBC}") = "TransactionScopTest", "TransactionTest\TransactionScopTest.csproj", "{D7302998-BE57-41ED-B8FE-36C44DF72BF1}"
EndProject
Global
	GlobalSection(SolutionConfigurationPlatforms) = preSolution
		Debug|Any CPU = Debug|Any CPU
		Release|Any CPU = Release|Any CPU
	EndGlobalSection
	GlobalSection(ProjectConfigurationPlatforms) = postSolution
		{7EE0BC8F-56F0-4712-9746-0CC75242D632}.Debug|Any CPU.ActiveCfg = Debug|Any CPU
		{7EE0BC8F-56F0-4712-9746-0CC75242D632}.Debug|Any CPU.Build.0 = Debug|Any CPU
		{7EE0BC8F-56F0-4712-9746-0CC75242D632}.Release|Any CPU.ActiveCfg = Release|Any CPU
		{7EE0BC8F-56F0-4712-9746-0CC75242D632}.Release|Any CPU.Build.0 = Release|Any CPU
		{94941905-1B58-45DA-AE20-00EB903FD563}.Debug|Any CPU.ActiveCfg = Debug|Any CPU
		{94941905-1B58-45DA-AE20-00EB903FD563}.Debug|Any CPU.Build.0 = Debug|Any CPU
		{94941905-1B58-45DA-AE20-00EB903FD563}.Release|Any CPU.ActiveCfg = Release|Any CPU
		{94941905-1B58-45DA-AE20-00EB903FD563}.Release|Any CPU.Build.0 = Release|Any CPU
		{03CD3BDC-2EE5-4D17-B184-A76FE37763F7}.Debug|Any CPU.ActiveCfg = Debug|Any CPU
		{03CD3BDC-2EE5-4D17-B184-A76FE37763F7}.Debug|Any CPU.Build.0 = Debug|Any CPU
		{03CD3BDC-2EE5-4D17-B184-A76FE37763F7}.Release|Any CPU.ActiveCfg = Release|Any CPU
		{03CD3BDC-2EE5-4D17-B184-A76FE37763F7}.Release|Any CPU.Build.0 = Release|Any CPU
		{09D5B0A0-899D-4258-B66A-071B09E95F41}.Debug|Any CPU.ActiveCfg = Debug|Any CPU
		{09D5B0A0-899D-4258-B66A-071B09E95F41}.Debug|Any CPU.Build.0 = Debug|Any CPU
		{09D5B0A0-899D-4258-B66A-071B09E95F41}.Release|Any CPU.ActiveCfg = Release|Any CPU
		{09D5B0A0-899D-4258-B66A-071B09E95F41}.Release|Any CPU.Build.0 = Release|Any CPU
		{02219BF2-8AA7-401F-9CF8-FC2AD5059E9F}.Debug|Any CPU.ActiveCfg = Debug|Any CPU
		{02219BF2-8AA7-401F-9CF8-FC2AD5059E9F}.Debug|Any CPU.Build.0 = Debug|Any CPU
		{02219BF2-8AA7-401F-9CF8-FC2AD5059E9F}.Release|Any CPU.ActiveCfg = Release|Any CPU
		{02219BF2-8AA7-401F-9CF8-FC2AD5059E9F}.Release|Any CPU.Build.0 = Release|Any CPU
		{817A00BF-12C8-4A7D-84D7-A415769D8C7C}.Debug|Any CPU.ActiveCfg = Debug|Any CPU
		{817A00BF-12C8-4A7D-84D7-A415769D8C7C}.Debug|Any CPU.Build.0 = Debug|Any CPU
		{817A00BF-12C8-4A7D-84D7-A415769D8C7C}.Release|Any CPU.ActiveCfg = Release|Any CPU
		{817A00BF-12C8-4A7D-84D7-A415769D8C7C}.Release|Any CPU.Build.0 = Release|Any CPU
		{B65D197B-946F-4AFD-97EA-045417B6FD37}.Debug|Any CPU.ActiveCfg = Debug|Any CPU
		{B65D197B-946F-4AFD-97EA-045417B6FD37}.Debug|Any CPU.Build.0 = Debug|Any CPU
		{B65D197B-946F-4AFD-97EA-045417B6FD37}.Release|Any CPU.ActiveCfg = Release|Any CPU
		{B65D197B-946F-4AFD-97EA-045417B6FD37}.Release|Any CPU.Build.0 = Release|Any CPU
		{D7302998-BE57-41ED-B8FE-36C44DF72BF1}.Debug|Any CPU.ActiveCfg = Debug|Any CPU
		{D7302998-BE57-41ED-B8FE-36C44DF72BF1}.Debug|Any CPU.Build.0 = Debug|Any CPU
		{D7302998-BE57-41ED-B8FE-36C44DF72BF1}.Release|Any CPU.ActiveCfg = Release|Any CPU
		{D7302998-BE57-41ED-B8FE-36C44DF72BF1}.Release|Any CPU.Build.0 = Release|Any CPU
	EndGlobalSection
	GlobalSection(SolutionProperties) = preSolution
		HideSolutionNode = FALSE
	EndGlobalSection
EndGlobal
