
Microsoft Visual Studio Solution File, Format Version 12.00
# Visual Studio 14
VisualStudioVersion = 14.0.23107.0
MinimumVisualStudioVersion = 10.0.40219.1
Project("{FAE04EC0-301F-11D3-BF4B-00C04F79EFBC}") = "How_JIT_Run_Your_Code", "JIT怎样运行你的代码\How_JIT_Run_Your_Code.csproj", "{7EE0BC8F-56F0-4712-9746-0CC75242D632}"
EndProject
Project("{FAE04EC0-301F-11D3-BF4B-00C04F79EFBC}") = "StreamWriteFile", "SteamWriteFile\StreamWriteFile.csproj", "{94941905-1B58-45DA-AE20-00EB903FD563}"
EndProject
Project("{FAE04EC0-301F-11D3-BF4B-00C04F79EFBC}") = "WindowsServiceDemo", "WindowsServiceDemo\WindowsServiceDemo.csproj", "{03CD3BDC-2EE5-4D17-B184-A76FE37763F7}"
EndProject
Project("{FAE04EC0-301F-11D3-BF4B-00C04F79EFBC}") = "ConcurrencyControl", "ConcurrencyControl\ConcurrencyControl.csproj", "{09D5B0A0-899D-4258-B66A-071B09E95F41}"
EndProject
Project("{FAE04EC0-301F-11D3-BF4B-00C04F79EFBC}") = "MillionDataExportToExcel", "MillionDataExportToExcel\MillionDataExportToExcel.csproj", "{02219BF2-8AA7-401F-9CF8-FC2AD5059E9F}"
EndProject
Project("{FAE04EC0-301F-11D3-BF4B-00C04F79EFBC}") = "Log4NetDemo", "Log4NetDemo\Log4NetDemo.csproj", "{817A00BF-12C8-4A7D-84D7-A415769D8C7C}"
EndProject
Project("{FAE04EC0-301F-11D3-BF4B-00C04F79EFBC}") = "QuartzDemo", "QuartzDemo\QuartzDemo.csproj", "{B65D197B-946F-4AFD-97EA-045417B6FD37}"
EndProject
Project("{FAE04EC0-301F-11D3-BF4B-00C04F79EFBC}") = "TransactionScopTest", "TransactionTest\TransactionScopTest.csproj", "{D7302998-BE57-41ED-B8FE-36C44DF72BF1}"
EndProject
Project("{FAE04EC0-301F-11D3-BF4B-00C04F79EFBC}") = "TopShelf_QuartzDemo", "TopShelf_QuartzDemo\TopShelf_QuartzDemo.csproj", "{F236D2FC-1308-41C1-847E-3638CFC8D78B}"
EndProject
Project("{FAE04EC0-301F-11D3-BF4B-00C04F79EFBC}") = "RecursionDemo", "ConsoleApplication1\RecursionDemo.csproj", "{721D18D3-ED67-4BA5-86C9-85EA0A9F0416}"
EndProject
Project("{FAE04EC0-301F-11D3-BF4B-00C04F79EFBC}") = "Thread_ThreadPool_Task", "Thread_ThreadPool_Task\Thread_ThreadPool_Task.csproj", "{1765034C-AB93-463D-817A-7AAA628D2B8B}"
EndProject
Project("{FAE04EC0-301F-11D3-BF4B-00C04F79EFBC}") = "BFEPrint", "BFEPrint\BFEPrint.csproj", "{004D704A-FAF5-4AAE-935A-B2683C29946F}"
EndProject
Project("{FAE04EC0-301F-11D3-BF4B-00C04F79EFBC}") = "ConsoleTest", "ConsoleTest\ConsoleTest.csproj", "{0F971FC0-6C93-4587-A2CD-EEE7E93E02DB}"
EndProject
Project("{FAE04EC0-301F-11D3-BF4B-00C04F79EFBC}") = "OOD", "OOD\OOD.csproj", "{E2F7063B-6DD6-4144-852A-7A108D3C648C}"
EndProject
Project("{FAE04EC0-301F-11D3-BF4B-00C04F79EFBC}") = "WebApiDemo", "WebApiDemo\WebApiDemo.csproj", "{A34D188B-EF04-4FCC-814F-EAB59F6C96F1}"
EndProject
Project("{FAE04EC0-301F-11D3-BF4B-00C04F79EFBC}") = "UsingWebApiWithWebForms", "UsingWebApiWithWebForms\UsingWebApiWithWebForms.csproj", "{8887792F-1E0B-4B7A-A4EE-B5F62C6F695C}"
EndProject
Project("{FAE04EC0-301F-11D3-BF4B-00C04F79EFBC}") = "EFCodeFirstDemo", "EFCodeFirstDemo\EFCodeFirstDemo.csproj", "{D1B439A8-3040-4708-AE57-A37B689C0738}"
EndProject
Project("{FAE04EC0-301F-11D3-BF4B-00C04F79EFBC}") = "HousePrice", "HousePrice\HousePrice.csproj", "{51CEE5A3-FC31-472D-B229-9349E9C81E82}"
EndProject
Project("{FAE04EC0-301F-11D3-BF4B-00C04F79EFBC}") = "EfCodeFirstWithExistDb", "EfCodeFirstWithExistDb\EfCodeFirstWithExistDb.csproj", "{1167DC0E-25BC-43F3-A359-C5239569FAE6}"
EndProject
Project("{2150E333-8FDC-42A3-9474-1A3956D46DE8}") = "TranslateDoc", "TranslateDoc", "{4EB20D26-5BC3-4328-9F05-15942D18C9DD}"
	ProjectSection(SolutionItems) = preProject
		F:\Mission\EF-Translated.docx = F:\Mission\EF-Translated.docx
	EndProjectSection
EndProject
Global
	GlobalSection(SolutionConfigurationPlatforms) = preSolution
		Debug|Any CPU = Debug|Any CPU
		Release|Any CPU = Release|Any CPU
	EndGlobalSection
	GlobalSection(ProjectConfigurationPlatforms) = postSolution
		{7EE0BC8F-56F0-4712-9746-0CC75242D632}.Debug|Any CPU.ActiveCfg = Debug|Any CPU
		{7EE0BC8F-56F0-4712-9746-0CC75242D632}.Debug|Any CPU.Build.0 = Debug|Any CPU
		{7EE0BC8F-56F0-4712-9746-0CC75242D632}.Release|Any CPU.ActiveCfg = Release|Any CPU
		{7EE0BC8F-56F0-4712-9746-0CC75242D632}.Release|Any CPU.Build.0 = Release|Any CPU
		{94941905-1B58-45DA-AE20-00EB903FD563}.Debug|Any CPU.ActiveCfg = Debug|Any CPU
		{94941905-1B58-45DA-AE20-00EB903FD563}.Debug|Any CPU.Build.0 = Debug|Any CPU
		{94941905-1B58-45DA-AE20-00EB903FD563}.Release|Any CPU.ActiveCfg = Release|Any CPU
		{94941905-1B58-45DA-AE20-00EB903FD563}.Release|Any CPU.Build.0 = Release|Any CPU
		{03CD3BDC-2EE5-4D17-B184-A76FE37763F7}.Debug|Any CPU.ActiveCfg = Debug|Any CPU
		{03CD3BDC-2EE5-4D17-B184-A76FE37763F7}.Debug|Any CPU.Build.0 = Debug|Any CPU
		{03CD3BDC-2EE5-4D17-B184-A76FE37763F7}.Release|Any CPU.ActiveCfg = Release|Any CPU
		{03CD3BDC-2EE5-4D17-B184-A76FE37763F7}.Release|Any CPU.Build.0 = Release|Any CPU
		{09D5B0A0-899D-4258-B66A-071B09E95F41}.Debug|Any CPU.ActiveCfg = Debug|Any CPU
		{09D5B0A0-899D-4258-B66A-071B09E95F41}.Debug|Any CPU.Build.0 = Debug|Any CPU
		{09D5B0A0-899D-4258-B66A-071B09E95F41}.Release|Any CPU.ActiveCfg = Release|Any CPU
		{09D5B0A0-899D-4258-B66A-071B09E95F41}.Release|Any CPU.Build.0 = Release|Any CPU
		{02219BF2-8AA7-401F-9CF8-FC2AD5059E9F}.Debug|Any CPU.ActiveCfg = Debug|Any CPU
		{02219BF2-8AA7-401F-9CF8-FC2AD5059E9F}.Debug|Any CPU.Build.0 = Debug|Any CPU
		{02219BF2-8AA7-401F-9CF8-FC2AD5059E9F}.Release|Any CPU.ActiveCfg = Release|Any CPU
		{02219BF2-8AA7-401F-9CF8-FC2AD5059E9F}.Release|Any CPU.Build.0 = Release|Any CPU
		{817A00BF-12C8-4A7D-84D7-A415769D8C7C}.Debug|Any CPU.ActiveCfg = Debug|Any CPU
		{817A00BF-12C8-4A7D-84D7-A415769D8C7C}.Debug|Any CPU.Build.0 = Debug|Any CPU
		{817A00BF-12C8-4A7D-84D7-A415769D8C7C}.Release|Any CPU.ActiveCfg = Release|Any CPU
		{817A00BF-12C8-4A7D-84D7-A415769D8C7C}.Release|Any CPU.Build.0 = Release|Any CPU
		{B65D197B-946F-4AFD-97EA-045417B6FD37}.Debug|Any CPU.ActiveCfg = Debug|Any CPU
		{B65D197B-946F-4AFD-97EA-045417B6FD37}.Debug|Any CPU.Build.0 = Debug|Any CPU
		{B65D197B-946F-4AFD-97EA-045417B6FD37}.Release|Any CPU.ActiveCfg = Release|Any CPU
		{B65D197B-946F-4AFD-97EA-045417B6FD37}.Release|Any CPU.Build.0 = Release|Any CPU
		{D7302998-BE57-41ED-B8FE-36C44DF72BF1}.Debug|Any CPU.ActiveCfg = Debug|Any CPU
		{D7302998-BE57-41ED-B8FE-36C44DF72BF1}.Debug|Any CPU.Build.0 = Debug|Any CPU
		{D7302998-BE57-41ED-B8FE-36C44DF72BF1}.Release|Any CPU.ActiveCfg = Release|Any CPU
		{D7302998-BE57-41ED-B8FE-36C44DF72BF1}.Release|Any CPU.Build.0 = Release|Any CPU
		{F236D2FC-1308-41C1-847E-3638CFC8D78B}.Debug|Any CPU.ActiveCfg = Debug|Any CPU
		{F236D2FC-1308-41C1-847E-3638CFC8D78B}.Debug|Any CPU.Build.0 = Debug|Any CPU
		{F236D2FC-1308-41C1-847E-3638CFC8D78B}.Release|Any CPU.ActiveCfg = Release|Any CPU
		{F236D2FC-1308-41C1-847E-3638CFC8D78B}.Release|Any CPU.Build.0 = Release|Any CPU
		{721D18D3-ED67-4BA5-86C9-85EA0A9F0416}.Debug|Any CPU.ActiveCfg = Debug|Any CPU
		{721D18D3-ED67-4BA5-86C9-85EA0A9F0416}.Debug|Any CPU.Build.0 = Debug|Any CPU
		{721D18D3-ED67-4BA5-86C9-85EA0A9F0416}.Release|Any CPU.ActiveCfg = Release|Any CPU
		{721D18D3-ED67-4BA5-86C9-85EA0A9F0416}.Release|Any CPU.Build.0 = Release|Any CPU
		{1765034C-AB93-463D-817A-7AAA628D2B8B}.Debug|Any CPU.ActiveCfg = Debug|Any CPU
		{1765034C-AB93-463D-817A-7AAA628D2B8B}.Debug|Any CPU.Build.0 = Debug|Any CPU
		{1765034C-AB93-463D-817A-7AAA628D2B8B}.Release|Any CPU.ActiveCfg = Release|Any CPU
		{1765034C-AB93-463D-817A-7AAA628D2B8B}.Release|Any CPU.Build.0 = Release|Any CPU
		{004D704A-FAF5-4AAE-935A-B2683C29946F}.Debug|Any CPU.ActiveCfg = Debug|Any CPU
		{004D704A-FAF5-4AAE-935A-B2683C29946F}.Debug|Any CPU.Build.0 = Debug|Any CPU
		{004D704A-FAF5-4AAE-935A-B2683C29946F}.Release|Any CPU.ActiveCfg = Release|Any CPU
		{004D704A-FAF5-4AAE-935A-B2683C29946F}.Release|Any CPU.Build.0 = Release|Any CPU
		{0F971FC0-6C93-4587-A2CD-EEE7E93E02DB}.Debug|Any CPU.ActiveCfg = Debug|Any CPU
		{0F971FC0-6C93-4587-A2CD-EEE7E93E02DB}.Debug|Any CPU.Build.0 = Debug|Any CPU
		{0F971FC0-6C93-4587-A2CD-EEE7E93E02DB}.Release|Any CPU.ActiveCfg = Release|Any CPU
		{0F971FC0-6C93-4587-A2CD-EEE7E93E02DB}.Release|Any CPU.Build.0 = Release|Any CPU
		{E2F7063B-6DD6-4144-852A-7A108D3C648C}.Debug|Any CPU.ActiveCfg = Debug|Any CPU
		{E2F7063B-6DD6-4144-852A-7A108D3C648C}.Debug|Any CPU.Build.0 = Debug|Any CPU
		{E2F7063B-6DD6-4144-852A-7A108D3C648C}.Release|Any CPU.ActiveCfg = Release|Any CPU
		{E2F7063B-6DD6-4144-852A-7A108D3C648C}.Release|Any CPU.Build.0 = Release|Any CPU
		{A34D188B-EF04-4FCC-814F-EAB59F6C96F1}.Debug|Any CPU.ActiveCfg = Debug|Any CPU
		{A34D188B-EF04-4FCC-814F-EAB59F6C96F1}.Debug|Any CPU.Build.0 = Debug|Any CPU
		{A34D188B-EF04-4FCC-814F-EAB59F6C96F1}.Release|Any CPU.ActiveCfg = Release|Any CPU
		{A34D188B-EF04-4FCC-814F-EAB59F6C96F1}.Release|Any CPU.Build.0 = Release|Any CPU
		{8887792F-1E0B-4B7A-A4EE-B5F62C6F695C}.Debug|Any CPU.ActiveCfg = Debug|Any CPU
		{8887792F-1E0B-4B7A-A4EE-B5F62C6F695C}.Debug|Any CPU.Build.0 = Debug|Any CPU
		{8887792F-1E0B-4B7A-A4EE-B5F62C6F695C}.Release|Any CPU.ActiveCfg = Release|Any CPU
		{8887792F-1E0B-4B7A-A4EE-B5F62C6F695C}.Release|Any CPU.Build.0 = Release|Any CPU
		{D1B439A8-3040-4708-AE57-A37B689C0738}.Debug|Any CPU.ActiveCfg = Debug|Any CPU
		{D1B439A8-3040-4708-AE57-A37B689C0738}.Debug|Any CPU.Build.0 = Debug|Any CPU
		{D1B439A8-3040-4708-AE57-A37B689C0738}.Release|Any CPU.ActiveCfg = Release|Any CPU
		{D1B439A8-3040-4708-AE57-A37B689C0738}.Release|Any CPU.Build.0 = Release|Any CPU
		{51CEE5A3-FC31-472D-B229-9349E9C81E82}.Debug|Any CPU.ActiveCfg = Debug|Any CPU
		{51CEE5A3-FC31-472D-B229-9349E9C81E82}.Debug|Any CPU.Build.0 = Debug|Any CPU
		{51CEE5A3-FC31-472D-B229-9349E9C81E82}.Release|Any CPU.ActiveCfg = Release|Any CPU
		{51CEE5A3-FC31-472D-B229-9349E9C81E82}.Release|Any CPU.Build.0 = Release|Any CPU
		{1167DC0E-25BC-43F3-A359-C5239569FAE6}.Debug|Any CPU.ActiveCfg = Debug|Any CPU
		{1167DC0E-25BC-43F3-A359-C5239569FAE6}.Debug|Any CPU.Build.0 = Debug|Any CPU
		{1167DC0E-25BC-43F3-A359-C5239569FAE6}.Release|Any CPU.ActiveCfg = Release|Any CPU
		{1167DC0E-25BC-43F3-A359-C5239569FAE6}.Release|Any CPU.Build.0 = Release|Any CPU
	EndGlobalSection
	GlobalSection(SolutionProperties) = preSolution
		HideSolutionNode = FALSE
	EndGlobalSection
EndGlobal
