
Microsoft Visual Studio Solution File, Format Version 12.00
# Visual Studio 14
VisualStudioVersion = 14.0.23107.0
MinimumVisualStudioVersion = 10.0.40219.1
Project("{FAE04EC0-301F-11D3-BF4B-00C04F79EFBC}") = "How_JIT_Run_Your_Code", "JIT怎样运行你的代码\How_JIT_Run_Your_Code.csproj", "{7EE0BC8F-56F0-4712-9746-0CC75242D632}"
EndProject
Project("{FAE04EC0-301F-11D3-BF4B-00C04F79EFBC}") = "StreamWriteFile", "SteamWriteFile\StreamWriteFile.csproj", "{94941905-1B58-45DA-AE20-00EB903FD563}"
EndProject
Project("{FAE04EC0-301F-11D3-BF4B-00C04F79EFBC}") = "WindowsServiceDemo", "WindowsServiceDemo\WindowsServiceDemo.csproj", "{03CD3BDC-2EE5-4D17-B184-A76FE37763F7}"
EndProject
Global
	GlobalSection(SolutionConfigurationPlatforms) = preSolution
		Debug|Any CPU = Debug|Any CPU
		Release|Any CPU = Release|Any CPU
	EndGlobalSection
	GlobalSection(ProjectConfigurationPlatforms) = postSolution
		{7EE0BC8F-56F0-4712-9746-0CC75242D632}.Debug|Any CPU.ActiveCfg = Debug|Any CPU
		{7EE0BC8F-56F0-4712-9746-0CC75242D632}.Debug|Any CPU.Build.0 = Debug|Any CPU
		{7EE0BC8F-56F0-4712-9746-0CC75242D632}.Release|Any CPU.ActiveCfg = Release|Any CPU
		{7EE0BC8F-56F0-4712-9746-0CC75242D632}.Release|Any CPU.Build.0 = Release|Any CPU
		{94941905-1B58-45DA-AE20-00EB903FD563}.Debug|Any CPU.ActiveCfg = Debug|Any CPU
		{94941905-1B58-45DA-AE20-00EB903FD563}.Debug|Any CPU.Build.0 = Debug|Any CPU
		{94941905-1B58-45DA-AE20-00EB903FD563}.Release|Any CPU.ActiveCfg = Release|Any CPU
		{94941905-1B58-45DA-AE20-00EB903FD563}.Release|Any CPU.Build.0 = Release|Any CPU
		{03CD3BDC-2EE5-4D17-B184-A76FE37763F7}.Debug|Any CPU.ActiveCfg = Debug|Any CPU
		{03CD3BDC-2EE5-4D17-B184-A76FE37763F7}.Debug|Any CPU.Build.0 = Debug|Any CPU
		{03CD3BDC-2EE5-4D17-B184-A76FE37763F7}.Release|Any CPU.ActiveCfg = Release|Any CPU
		{03CD3BDC-2EE5-4D17-B184-A76FE37763F7}.Release|Any CPU.Build.0 = Release|Any CPU
	EndGlobalSection
	GlobalSection(SolutionProperties) = preSolution
		HideSolutionNode = FALSE
	EndGlobalSection
EndGlobal
